
Microsoft Visual Studio Solution File, Format Version 12.00
# Visual Studio Version 16
VisualStudioVersion = 16.0.29318.209
MinimumVisualStudioVersion = 10.0.40219.1
Project("{FAE04EC0-301F-11D3-BF4B-00C04F79EFBC}") = "MPMG.WebApp", "WebApp\MPMG.WebApp.csproj", "{DF9F7577-F6C2-4B02-AFFD-53F032CE2FE5}"
EndProject
Project("{9A19103F-16F7-4668-BE54-9A1E7A4F7556}") = "MPMG.Util", "MPMG.Util\MPMG.Util.csproj", "{965202B2-CD8B-4CB9-B9B1-078E84FD42FC}"
EndProject
Project("{9A19103F-16F7-4668-BE54-9A1E7A4F7556}") = "MPMG.Interfaces", "MPMG.Interfaces\MPMG.Interfaces.csproj", "{F6ECB2D9-EDC3-4B98-8BAC-987A373B6815}"
EndProject
Project("{9A19103F-16F7-4668-BE54-9A1E7A4F7556}") = "MPMG.Services", "MPMG.Services\MPMG.Services.csproj", "{34258118-C3C9-4820-AB49-CB777B498BBF}"
EndProject
Project("{2150E333-8FDC-42A3-9474-1A3956D46DE8}") = "docs", "docs", "{2CAAD349-9317-4C4C-BFED-F6861471F6F4}"
	ProjectSection(SolutionItems) = preProject
		docs\backup banco tis (1).sql = docs\backup banco tis (1).sql
		docs\insert tabela fam - 2013 a 2019.sql = docs\insert tabela fam - 2013 a 2019.sql
		docs\Modelagem_TIS_02_11_2019.mwb = docs\Modelagem_TIS_02_11_2019.mwb
		docs\Modelagem_TIS_02_11_2019.pdf = docs\Modelagem_TIS_02_11_2019.pdf
		docs\Modelagem_TIS_02_11_2019.sql = docs\Modelagem_TIS_02_11_2019.sql
		docs\Modelagem_TIS_04_11_2019.mwb = docs\Modelagem_TIS_04_11_2019.mwb
		docs\Modelagem_TIS_04_11_2019.pdf = docs\Modelagem_TIS_04_11_2019.pdf
		docs\Modelagem_TIS_04_11_2019.sql = docs\Modelagem_TIS_04_11_2019.sql
		docs\Script Insert Municipios.sql = docs\Script Insert Municipios.sql
		docs\script insert tabela anp.sql = docs\script insert tabela anp.sql
		docs\SEM INDEX - Modelagem_TIS_02_11_2019.sql = docs\SEM INDEX - Modelagem_TIS_02_11_2019.sql
	EndProjectSection
EndProject
Project("{9A19103F-16F7-4668-BE54-9A1E7A4F7556}") = "MPMG.Repositories", "MPMG.Repositories\MPMG.Repositories.csproj", "{295055D4-BDE8-4745-9C9C-89FF8EE29A31}"
EndProject
Global
	GlobalSection(SolutionConfigurationPlatforms) = preSolution
		Debug|Any CPU = Debug|Any CPU
		Release|Any CPU = Release|Any CPU
	EndGlobalSection
	GlobalSection(ProjectConfigurationPlatforms) = postSolution
		{DF9F7577-F6C2-4B02-AFFD-53F032CE2FE5}.Debug|Any CPU.ActiveCfg = Debug|Any CPU
		{DF9F7577-F6C2-4B02-AFFD-53F032CE2FE5}.Debug|Any CPU.Build.0 = Debug|Any CPU
		{DF9F7577-F6C2-4B02-AFFD-53F032CE2FE5}.Release|Any CPU.ActiveCfg = Release|Any CPU
		{DF9F7577-F6C2-4B02-AFFD-53F032CE2FE5}.Release|Any CPU.Build.0 = Release|Any CPU
		{965202B2-CD8B-4CB9-B9B1-078E84FD42FC}.Debug|Any CPU.ActiveCfg = Debug|Any CPU
		{965202B2-CD8B-4CB9-B9B1-078E84FD42FC}.Debug|Any CPU.Build.0 = Debug|Any CPU
		{965202B2-CD8B-4CB9-B9B1-078E84FD42FC}.Release|Any CPU.ActiveCfg = Release|Any CPU
		{965202B2-CD8B-4CB9-B9B1-078E84FD42FC}.Release|Any CPU.Build.0 = Release|Any CPU
		{F6ECB2D9-EDC3-4B98-8BAC-987A373B6815}.Debug|Any CPU.ActiveCfg = Debug|Any CPU
		{F6ECB2D9-EDC3-4B98-8BAC-987A373B6815}.Debug|Any CPU.Build.0 = Debug|Any CPU
		{F6ECB2D9-EDC3-4B98-8BAC-987A373B6815}.Release|Any CPU.ActiveCfg = Release|Any CPU
		{F6ECB2D9-EDC3-4B98-8BAC-987A373B6815}.Release|Any CPU.Build.0 = Release|Any CPU
		{34258118-C3C9-4820-AB49-CB777B498BBF}.Debug|Any CPU.ActiveCfg = Debug|Any CPU
		{34258118-C3C9-4820-AB49-CB777B498BBF}.Debug|Any CPU.Build.0 = Debug|Any CPU
		{34258118-C3C9-4820-AB49-CB777B498BBF}.Release|Any CPU.ActiveCfg = Release|Any CPU
		{34258118-C3C9-4820-AB49-CB777B498BBF}.Release|Any CPU.Build.0 = Release|Any CPU
		{295055D4-BDE8-4745-9C9C-89FF8EE29A31}.Debug|Any CPU.ActiveCfg = Debug|Any CPU
		{295055D4-BDE8-4745-9C9C-89FF8EE29A31}.Debug|Any CPU.Build.0 = Debug|Any CPU
		{295055D4-BDE8-4745-9C9C-89FF8EE29A31}.Release|Any CPU.ActiveCfg = Release|Any CPU
		{295055D4-BDE8-4745-9C9C-89FF8EE29A31}.Release|Any CPU.Build.0 = Release|Any CPU
	EndGlobalSection
	GlobalSection(SolutionProperties) = preSolution
		HideSolutionNode = FALSE
	EndGlobalSection
	GlobalSection(ExtensibilityGlobals) = postSolution
		SolutionGuid = {4A23A052-D088-4BB7-8CAD-CBEA54BCD8AA}
	EndGlobalSection
EndGlobal
